
Microsoft Visual Studio Solution File, Format Version 12.00
# Visual Studio Version 16
VisualStudioVersion = 16.0.31019.35
MinimumVisualStudioVersion = 10.0.40219.1
Project("{FAE04EC0-301F-11D3-BF4B-00C04F79EFBC}") = "DTO", "DTO\DTO.csproj", "{A71D458A-BD38-4612-A846-E54658247D0A}"
EndProject
Project("{FAE04EC0-301F-11D3-BF4B-00C04F79EFBC}") = "DAO", "DAO\DAO.csproj", "{DE2CAC38-4319-4146-8909-F69B1BE0F7F0}"
EndProject
Project("{FAE04EC0-301F-11D3-BF4B-00C04F79EFBC}") = "BUS", "BUS\BUS.csproj", "{69FE3A70-4670-4958-AB91-CBC952077F5B}"
EndProject
Project("{FAE04EC0-301F-11D3-BF4B-00C04F79EFBC}") = "GUIs", "GUIs\GUIs.csproj", "{F2D735CF-C2FF-4B18-95B8-A7F091EAB7B7}"
EndProject
Global
	GlobalSection(SolutionConfigurationPlatforms) = preSolution
		Debug|Any CPU = Debug|Any CPU
		Release|Any CPU = Release|Any CPU
	EndGlobalSection
	GlobalSection(ProjectConfigurationPlatforms) = postSolution
		{A71D458A-BD38-4612-A846-E54658247D0A}.Debug|Any CPU.ActiveCfg = Debug|Any CPU
		{A71D458A-BD38-4612-A846-E54658247D0A}.Debug|Any CPU.Build.0 = Debug|Any CPU
		{A71D458A-BD38-4612-A846-E54658247D0A}.Release|Any CPU.ActiveCfg = Release|Any CPU
		{A71D458A-BD38-4612-A846-E54658247D0A}.Release|Any CPU.Build.0 = Release|Any CPU
		{DE2CAC38-4319-4146-8909-F69B1BE0F7F0}.Debug|Any CPU.ActiveCfg = Debug|Any CPU
		{DE2CAC38-4319-4146-8909-F69B1BE0F7F0}.Debug|Any CPU.Build.0 = Debug|Any CPU
		{DE2CAC38-4319-4146-8909-F69B1BE0F7F0}.Release|Any CPU.ActiveCfg = Release|Any CPU
		{DE2CAC38-4319-4146-8909-F69B1BE0F7F0}.Release|Any CPU.Build.0 = Release|Any CPU
		{69FE3A70-4670-4958-AB91-CBC952077F5B}.Debug|Any CPU.ActiveCfg = Debug|Any CPU
		{69FE3A70-4670-4958-AB91-CBC952077F5B}.Debug|Any CPU.Build.0 = Debug|Any CPU
		{69FE3A70-4670-4958-AB91-CBC952077F5B}.Release|Any CPU.ActiveCfg = Release|Any CPU
		{69FE3A70-4670-4958-AB91-CBC952077F5B}.Release|Any CPU.Build.0 = Release|Any CPU
		{F2D735CF-C2FF-4B18-95B8-A7F091EAB7B7}.Debug|Any CPU.ActiveCfg = Debug|Any CPU
		{F2D735CF-C2FF-4B18-95B8-A7F091EAB7B7}.Debug|Any CPU.Build.0 = Debug|Any CPU
		{F2D735CF-C2FF-4B18-95B8-A7F091EAB7B7}.Release|Any CPU.ActiveCfg = Release|Any CPU
		{F2D735CF-C2FF-4B18-95B8-A7F091EAB7B7}.Release|Any CPU.Build.0 = Release|Any CPU
	EndGlobalSection
	GlobalSection(SolutionProperties) = preSolution
		HideSolutionNode = FALSE
	EndGlobalSection
	GlobalSection(ExtensibilityGlobals) = postSolution
		SolutionGuid = {4D391B50-D7DE-42DB-B8EE-539BBEA5BDAB}
	EndGlobalSection
EndGlobal
